// !$*UTF8*$!
{
	archiveVersion = 1;
	classes = {
	};
	objectVersion = 46;
	objects = {

/* Begin PBXBuildFile section */
		3197424C3BDD56670DB9065B /* Pods_KeystrokeUITests.framework in Frameworks */ = {isa = PBXBuildFile; fileRef = 5D486EDF65295482F2913AC7 /* Pods_KeystrokeUITests.framework */; };
		6822E6AC1E99520400C38260 /* KeyCode.swift in Sources */ = {isa = PBXBuildFile; fileRef = 6822E6AB1E99520400C38260 /* KeyCode.swift */; };
		685289371E9A9BAE00641994 /* KeyboardLayout.swift in Sources */ = {isa = PBXBuildFile; fileRef = 685289361E9A9BAE00641994 /* KeyboardLayout.swift */; };
		685CB4C11E97A06F00C92195 /* AppState.swift in Sources */ = {isa = PBXBuildFile; fileRef = 685CB4C01E97A06F00C92195 /* AppState.swift */; };
		685CB4C31E97A12C00C92195 /* Actions.swift in Sources */ = {isa = PBXBuildFile; fileRef = 685CB4C21E97A12C00C92195 /* Actions.swift */; };
		685CB4C51E97A15E00C92195 /* ThemeReducer.swift in Sources */ = {isa = PBXBuildFile; fileRef = 685CB4C41E97A15E00C92195 /* ThemeReducer.swift */; };
		685CB4CA1E97C4DE00C92195 /* iTerm2.keystroke in Resources */ = {isa = PBXBuildFile; fileRef = 685CB4C91E97C4DE00C92195 /* iTerm2.keystroke */; };
		685CB4CD1E97F2E400C92195 /* Utils.swift in Sources */ = {isa = PBXBuildFile; fileRef = 685CB4CC1E97F2E400C92195 /* Utils.swift */; };
		685CB4CF1E97F44B00C92195 /* AppReducer.swift in Sources */ = {isa = PBXBuildFile; fileRef = 685CB4CE1E97F44B00C92195 /* AppReducer.swift */; };
		685CB4D11E97F49400C92195 /* ThemeState.swift in Sources */ = {isa = PBXBuildFile; fileRef = 685CB4D01E97F49400C92195 /* ThemeState.swift */; };
		685CB4DE1E98020F00C92195 /* ViewState.swift in Sources */ = {isa = PBXBuildFile; fileRef = 685CB4DD1E98020F00C92195 /* ViewState.swift */; };
		685CB4E01E9802BB00C92195 /* ViewReducer.swift in Sources */ = {isa = PBXBuildFile; fileRef = 685CB4DF1E9802BB00C92195 /* ViewReducer.swift */; };
		685CB4E21E981EF200C92195 /* AppConfigManager.swift in Sources */ = {isa = PBXBuildFile; fileRef = 685CB4E11E981EF200C92195 /* AppConfigManager.swift */; };
		687C595F1E9BF13D00E491BF /* KeyView.swift in Sources */ = {isa = PBXBuildFile; fileRef = 687C595E1E9BF13D00E491BF /* KeyView.swift */; };
		6885D4B21E99381E00681A4B /* VisualEffectView.swift in Sources */ = {isa = PBXBuildFile; fileRef = 6885D4B11E99381E00681A4B /* VisualEffectView.swift */; };
		68B067FE1E96EE7A00C186F5 /* AppDelegate.swift in Sources */ = {isa = PBXBuildFile; fileRef = 68B067FD1E96EE7A00C186F5 /* AppDelegate.swift */; };
		68B068001E96EE7A00C186F5 /* ViewController.swift in Sources */ = {isa = PBXBuildFile; fileRef = 68B067FF1E96EE7A00C186F5 /* ViewController.swift */; };
		68B068021E96EE7A00C186F5 /* Assets.xcassets in Resources */ = {isa = PBXBuildFile; fileRef = 68B068011E96EE7A00C186F5 /* Assets.xcassets */; };
		68B068051E96EE7A00C186F5 /* Main.storyboard in Resources */ = {isa = PBXBuildFile; fileRef = 68B068031E96EE7A00C186F5 /* Main.storyboard */; };
		68B068101E96EE7A00C186F5 /* KeystrokeTests.swift in Sources */ = {isa = PBXBuildFile; fileRef = 68B0680F1E96EE7A00C186F5 /* KeystrokeTests.swift */; };
		68B0681B1E96EE7A00C186F5 /* KeystrokeUITests.swift in Sources */ = {isa = PBXBuildFile; fileRef = 68B0681A1E96EE7A00C186F5 /* KeystrokeUITests.swift */; };
		68B0682D1E96EF7200C186F5 /* WindowController.swift in Sources */ = {isa = PBXBuildFile; fileRef = 68B0682C1E96EF7200C186F5 /* WindowController.swift */; };
		68B068301E96F41B00C186F5 /* CollectionViewItem.swift in Sources */ = {isa = PBXBuildFile; fileRef = 68B0682E1E96F41B00C186F5 /* CollectionViewItem.swift */; };
		68B068311E96F41B00C186F5 /* CollectionViewItem.xib in Resources */ = {isa = PBXBuildFile; fileRef = 68B0682F1E96F41B00C186F5 /* CollectionViewItem.xib */; };
		68B068331E96F6F700C186F5 /* BindingLoader.swift in Sources */ = {isa = PBXBuildFile; fileRef = 68B068321E96F6F700C186F5 /* BindingLoader.swift */; };
		68B068351E96F8BC00C186F5 /* Binding.swift in Sources */ = {isa = PBXBuildFile; fileRef = 68B068341E96F8BC00C186F5 /* Binding.swift */; };
		68B068371E97160400C186F5 /* Podfile in Resources */ = {isa = PBXBuildFile; fileRef = 68B068361E97160400C186F5 /* Podfile */; };
		984122481E9AA98D00705FC3 /* KeyboardState.swift in Sources */ = {isa = PBXBuildFile; fileRef = 984122471E9AA98D00705FC3 /* KeyboardState.swift */; };
		9841224A1E9AAA7900705FC3 /* KeyboardReducer.swift in Sources */ = {isa = PBXBuildFile; fileRef = 984122491E9AAA7900705FC3 /* KeyboardReducer.swift */; };
		984122501E9BD43F00705FC3 /* Xcode.keystroke in Resources */ = {isa = PBXBuildFile; fileRef = 9841224F1E9BD43F00705FC3 /* Xcode.keystroke */; };
		987C99AA1E98008E00A2D8E0 /* BindingsState.swift in Sources */ = {isa = PBXBuildFile; fileRef = 987C99A91E98008E00A2D8E0 /* BindingsState.swift */; };
		987C99AC1E980BC100A2D8E0 /* BindingsReducer.swift in Sources */ = {isa = PBXBuildFile; fileRef = 987C99AB1E980BC100A2D8E0 /* BindingsReducer.swift */; };
		A0D24D9DB58A047FC3145879 /* Pods_Keystroke.framework in Frameworks */ = {isa = PBXBuildFile; fileRef = DBBBCA4FF38376FF21463B87 /* Pods_Keystroke.framework */; };
		AB8E731DCDF1CE4409E2FE96 /* Pods_KeystrokeTests.framework in Frameworks */ = {isa = PBXBuildFile; fileRef = A77D4E848E1D7CAE1F7AA666 /* Pods_KeystrokeTests.framework */; };
/* End PBXBuildFile section */

/* Begin PBXContainerItemProxy section */
		68B0680C1E96EE7A00C186F5 /* PBXContainerItemProxy */ = {
			isa = PBXContainerItemProxy;
			containerPortal = 68B067F21E96EE7A00C186F5 /* Project object */;
			proxyType = 1;
			remoteGlobalIDString = 68B067F91E96EE7A00C186F5;
			remoteInfo = Keystroke;
		};
		68B068171E96EE7A00C186F5 /* PBXContainerItemProxy */ = {
			isa = PBXContainerItemProxy;
			containerPortal = 68B067F21E96EE7A00C186F5 /* Project object */;
			proxyType = 1;
			remoteGlobalIDString = 68B067F91E96EE7A00C186F5;
			remoteInfo = Keystroke;
		};
/* End PBXContainerItemProxy section */

/* Begin PBXFileReference section */
		0AD18EFB16EBF3520A6E917F /* Pods-Keystroke.debug.xcconfig */ = {isa = PBXFileReference; includeInIndex = 1; lastKnownFileType = text.xcconfig; name = "Pods-Keystroke.debug.xcconfig"; path = "Pods/Target Support Files/Pods-Keystroke/Pods-Keystroke.debug.xcconfig"; sourceTree = "<group>"; };
		0C4DFAC6DAC7A4C85C00A1C1 /* Pods-KeystrokeTests.debug.xcconfig */ = {isa = PBXFileReference; includeInIndex = 1; lastKnownFileType = text.xcconfig; name = "Pods-KeystrokeTests.debug.xcconfig"; path = "Pods/Target Support Files/Pods-KeystrokeTests/Pods-KeystrokeTests.debug.xcconfig"; sourceTree = "<group>"; };
		5D486EDF65295482F2913AC7 /* Pods_KeystrokeUITests.framework */ = {isa = PBXFileReference; explicitFileType = wrapper.framework; includeInIndex = 0; path = Pods_KeystrokeUITests.framework; sourceTree = BUILT_PRODUCTS_DIR; };
		6822E6AB1E99520400C38260 /* KeyCode.swift */ = {isa = PBXFileReference; fileEncoding = 4; lastKnownFileType = sourcecode.swift; path = KeyCode.swift; sourceTree = "<group>"; };
		68368F5436C8A0E2C208CD52 /* Pods-Keystroke.release.xcconfig */ = {isa = PBXFileReference; includeInIndex = 1; lastKnownFileType = text.xcconfig; name = "Pods-Keystroke.release.xcconfig"; path = "Pods/Target Support Files/Pods-Keystroke/Pods-Keystroke.release.xcconfig"; sourceTree = "<group>"; };
		685289361E9A9BAE00641994 /* KeyboardLayout.swift */ = {isa = PBXFileReference; fileEncoding = 4; lastKnownFileType = sourcecode.swift; path = KeyboardLayout.swift; sourceTree = "<group>"; };
		685CB4C01E97A06F00C92195 /* AppState.swift */ = {isa = PBXFileReference; fileEncoding = 4; lastKnownFileType = sourcecode.swift; path = AppState.swift; sourceTree = "<group>"; };
		685CB4C21E97A12C00C92195 /* Actions.swift */ = {isa = PBXFileReference; fileEncoding = 4; lastKnownFileType = sourcecode.swift; path = Actions.swift; sourceTree = "<group>"; };
		685CB4C41E97A15E00C92195 /* ThemeReducer.swift */ = {isa = PBXFileReference; fileEncoding = 4; lastKnownFileType = sourcecode.swift; path = ThemeReducer.swift; sourceTree = "<group>"; };
		685CB4C91E97C4DE00C92195 /* iTerm2.keystroke */ = {isa = PBXFileReference; fileEncoding = 4; lastKnownFileType = text; name = iTerm2.keystroke; path = Bindings/iTerm2.keystroke; sourceTree = "<group>"; };
		685CB4CC1E97F2E400C92195 /* Utils.swift */ = {isa = PBXFileReference; fileEncoding = 4; lastKnownFileType = sourcecode.swift; path = Utils.swift; sourceTree = "<group>"; };
		685CB4CE1E97F44B00C92195 /* AppReducer.swift */ = {isa = PBXFileReference; fileEncoding = 4; lastKnownFileType = sourcecode.swift; path = AppReducer.swift; sourceTree = "<group>"; };
		685CB4D01E97F49400C92195 /* ThemeState.swift */ = {isa = PBXFileReference; fileEncoding = 4; lastKnownFileType = sourcecode.swift; path = ThemeState.swift; sourceTree = "<group>"; };
		685CB4DD1E98020F00C92195 /* ViewState.swift */ = {isa = PBXFileReference; fileEncoding = 4; lastKnownFileType = sourcecode.swift; path = ViewState.swift; sourceTree = "<group>"; };
		685CB4DF1E9802BB00C92195 /* ViewReducer.swift */ = {isa = PBXFileReference; fileEncoding = 4; lastKnownFileType = sourcecode.swift; path = ViewReducer.swift; sourceTree = "<group>"; };
		685CB4E11E981EF200C92195 /* AppConfigManager.swift */ = {isa = PBXFileReference; fileEncoding = 4; lastKnownFileType = sourcecode.swift; path = AppConfigManager.swift; sourceTree = "<group>"; };
		687C595E1E9BF13D00E491BF /* KeyView.swift */ = {isa = PBXFileReference; fileEncoding = 4; lastKnownFileType = sourcecode.swift; path = KeyView.swift; sourceTree = "<group>"; };
		6885D4B11E99381E00681A4B /* VisualEffectView.swift */ = {isa = PBXFileReference; fileEncoding = 4; lastKnownFileType = sourcecode.swift; path = VisualEffectView.swift; sourceTree = "<group>"; };
		68B067FA1E96EE7A00C186F5 /* Keystroke.app */ = {isa = PBXFileReference; explicitFileType = wrapper.application; includeInIndex = 0; path = Keystroke.app; sourceTree = BUILT_PRODUCTS_DIR; };
		68B067FD1E96EE7A00C186F5 /* AppDelegate.swift */ = {isa = PBXFileReference; lastKnownFileType = sourcecode.swift; path = AppDelegate.swift; sourceTree = "<group>"; };
		68B067FF1E96EE7A00C186F5 /* ViewController.swift */ = {isa = PBXFileReference; lastKnownFileType = sourcecode.swift; path = ViewController.swift; sourceTree = "<group>"; };
		68B068011E96EE7A00C186F5 /* Assets.xcassets */ = {isa = PBXFileReference; lastKnownFileType = folder.assetcatalog; path = Assets.xcassets; sourceTree = "<group>"; };
		68B068041E96EE7A00C186F5 /* Base */ = {isa = PBXFileReference; lastKnownFileType = file.storyboard; name = Base; path = Base.lproj/Main.storyboard; sourceTree = "<group>"; };
		68B068061E96EE7A00C186F5 /* Info.plist */ = {isa = PBXFileReference; lastKnownFileType = text.plist.xml; path = Info.plist; sourceTree = "<group>"; };
		68B0680B1E96EE7A00C186F5 /* KeystrokeTests.xctest */ = {isa = PBXFileReference; explicitFileType = wrapper.cfbundle; includeInIndex = 0; path = KeystrokeTests.xctest; sourceTree = BUILT_PRODUCTS_DIR; };
		68B0680F1E96EE7A00C186F5 /* KeystrokeTests.swift */ = {isa = PBXFileReference; lastKnownFileType = sourcecode.swift; path = KeystrokeTests.swift; sourceTree = "<group>"; };
		68B068111E96EE7A00C186F5 /* Info.plist */ = {isa = PBXFileReference; lastKnownFileType = text.plist.xml; path = Info.plist; sourceTree = "<group>"; };
		68B068161E96EE7A00C186F5 /* KeystrokeUITests.xctest */ = {isa = PBXFileReference; explicitFileType = wrapper.cfbundle; includeInIndex = 0; path = KeystrokeUITests.xctest; sourceTree = BUILT_PRODUCTS_DIR; };
		68B0681A1E96EE7A00C186F5 /* KeystrokeUITests.swift */ = {isa = PBXFileReference; lastKnownFileType = sourcecode.swift; path = KeystrokeUITests.swift; sourceTree = "<group>"; };
		68B0681C1E96EE7A00C186F5 /* Info.plist */ = {isa = PBXFileReference; lastKnownFileType = text.plist.xml; path = Info.plist; sourceTree = "<group>"; };
		68B0682C1E96EF7200C186F5 /* WindowController.swift */ = {isa = PBXFileReference; fileEncoding = 4; lastKnownFileType = sourcecode.swift; path = WindowController.swift; sourceTree = "<group>"; };
		68B0682E1E96F41B00C186F5 /* CollectionViewItem.swift */ = {isa = PBXFileReference; fileEncoding = 4; lastKnownFileType = sourcecode.swift; path = CollectionViewItem.swift; sourceTree = "<group>"; };
		68B0682F1E96F41B00C186F5 /* CollectionViewItem.xib */ = {isa = PBXFileReference; fileEncoding = 4; lastKnownFileType = file.xib; path = CollectionViewItem.xib; sourceTree = "<group>"; };
		68B068321E96F6F700C186F5 /* BindingLoader.swift */ = {isa = PBXFileReference; fileEncoding = 4; lastKnownFileType = sourcecode.swift; path = BindingLoader.swift; sourceTree = "<group>"; };
		68B068341E96F8BC00C186F5 /* Binding.swift */ = {isa = PBXFileReference; fileEncoding = 4; lastKnownFileType = sourcecode.swift; path = Binding.swift; sourceTree = "<group>"; };
		68B068361E97160400C186F5 /* Podfile */ = {isa = PBXFileReference; fileEncoding = 4; lastKnownFileType = text; path = Podfile; sourceTree = "<group>"; };
		984122471E9AA98D00705FC3 /* KeyboardState.swift */ = {isa = PBXFileReference; fileEncoding = 4; lastKnownFileType = sourcecode.swift; path = KeyboardState.swift; sourceTree = "<group>"; };
		984122491E9AAA7900705FC3 /* KeyboardReducer.swift */ = {isa = PBXFileReference; fileEncoding = 4; lastKnownFileType = sourcecode.swift; path = KeyboardReducer.swift; sourceTree = "<group>"; };
		9841224F1E9BD43F00705FC3 /* Xcode.keystroke */ = {isa = PBXFileReference; fileEncoding = 4; lastKnownFileType = text; name = Xcode.keystroke; path = Bindings/Xcode.keystroke; sourceTree = "<group>"; };
		987C99A91E98008E00A2D8E0 /* BindingsState.swift */ = {isa = PBXFileReference; fileEncoding = 4; lastKnownFileType = sourcecode.swift; path = BindingsState.swift; sourceTree = "<group>"; };
		987C99AB1E980BC100A2D8E0 /* BindingsReducer.swift */ = {isa = PBXFileReference; fileEncoding = 4; lastKnownFileType = sourcecode.swift; path = BindingsReducer.swift; sourceTree = "<group>"; };
		A77D4E848E1D7CAE1F7AA666 /* Pods_KeystrokeTests.framework */ = {isa = PBXFileReference; explicitFileType = wrapper.framework; includeInIndex = 0; path = Pods_KeystrokeTests.framework; sourceTree = BUILT_PRODUCTS_DIR; };
		C1719170A2BFFEE1F32B4EEF /* Pods-KeystrokeUITests.debug.xcconfig */ = {isa = PBXFileReference; includeInIndex = 1; lastKnownFileType = text.xcconfig; name = "Pods-KeystrokeUITests.debug.xcconfig"; path = "Pods/Target Support Files/Pods-KeystrokeUITests/Pods-KeystrokeUITests.debug.xcconfig"; sourceTree = "<group>"; };
		DBBBCA4FF38376FF21463B87 /* Pods_Keystroke.framework */ = {isa = PBXFileReference; explicitFileType = wrapper.framework; includeInIndex = 0; path = Pods_Keystroke.framework; sourceTree = BUILT_PRODUCTS_DIR; };
		E314E7A86CCA2B50D83C5C59 /* Pods-KeystrokeTests.release.xcconfig */ = {isa = PBXFileReference; includeInIndex = 1; lastKnownFileType = text.xcconfig; name = "Pods-KeystrokeTests.release.xcconfig"; path = "Pods/Target Support Files/Pods-KeystrokeTests/Pods-KeystrokeTests.release.xcconfig"; sourceTree = "<group>"; };
		F42288E93833A360E6E402BD /* Pods-KeystrokeUITests.release.xcconfig */ = {isa = PBXFileReference; includeInIndex = 1; lastKnownFileType = text.xcconfig; name = "Pods-KeystrokeUITests.release.xcconfig"; path = "Pods/Target Support Files/Pods-KeystrokeUITests/Pods-KeystrokeUITests.release.xcconfig"; sourceTree = "<group>"; };
/* End PBXFileReference section */

/* Begin PBXFrameworksBuildPhase section */
		68B067F71E96EE7A00C186F5 /* Frameworks */ = {
			isa = PBXFrameworksBuildPhase;
			buildActionMask = 2147483647;
			files = (
				A0D24D9DB58A047FC3145879 /* Pods_Keystroke.framework in Frameworks */,
			);
			runOnlyForDeploymentPostprocessing = 0;
		};
		68B068081E96EE7A00C186F5 /* Frameworks */ = {
			isa = PBXFrameworksBuildPhase;
			buildActionMask = 2147483647;
			files = (
				AB8E731DCDF1CE4409E2FE96 /* Pods_KeystrokeTests.framework in Frameworks */,
			);
			runOnlyForDeploymentPostprocessing = 0;
		};
		68B068131E96EE7A00C186F5 /* Frameworks */ = {
			isa = PBXFrameworksBuildPhase;
			buildActionMask = 2147483647;
			files = (
				3197424C3BDD56670DB9065B /* Pods_KeystrokeUITests.framework in Frameworks */,
			);
			runOnlyForDeploymentPostprocessing = 0;
		};
/* End PBXFrameworksBuildPhase section */

/* Begin PBXGroup section */
		19A8CA6264481F39C176CF4D /* Pods */ = {
			isa = PBXGroup;
			children = (
				0AD18EFB16EBF3520A6E917F /* Pods-Keystroke.debug.xcconfig */,
				68368F5436C8A0E2C208CD52 /* Pods-Keystroke.release.xcconfig */,
				0C4DFAC6DAC7A4C85C00A1C1 /* Pods-KeystrokeTests.debug.xcconfig */,
				E314E7A86CCA2B50D83C5C59 /* Pods-KeystrokeTests.release.xcconfig */,
				C1719170A2BFFEE1F32B4EEF /* Pods-KeystrokeUITests.debug.xcconfig */,
				F42288E93833A360E6E402BD /* Pods-KeystrokeUITests.release.xcconfig */,
			);
			name = Pods;
			sourceTree = "<group>";
		};
		685CB4BD1E97A03C00C92195 /* Actions */ = {
			isa = PBXGroup;
			children = (
				685CB4C21E97A12C00C92195 /* Actions.swift */,
			);
			name = Actions;
			sourceTree = "<group>";
		};
		685CB4BE1E97A04700C92195 /* Reducers */ = {
			isa = PBXGroup;
			children = (
				685CB4CE1E97F44B00C92195 /* AppReducer.swift */,
				685CB4C41E97A15E00C92195 /* ThemeReducer.swift */,
				987C99AB1E980BC100A2D8E0 /* BindingsReducer.swift */,
				685CB4DF1E9802BB00C92195 /* ViewReducer.swift */,
				984122491E9AAA7900705FC3 /* KeyboardReducer.swift */,
			);
			name = Reducers;
			sourceTree = "<group>";
		};
		685CB4BF1E97A04F00C92195 /* State */ = {
			isa = PBXGroup;
			children = (
				685CB4C01E97A06F00C92195 /* AppState.swift */,
				984122471E9AA98D00705FC3 /* KeyboardState.swift */,
				685CB4D01E97F49400C92195 /* ThemeState.swift */,
				987C99A91E98008E00A2D8E0 /* BindingsState.swift */,
				685CB4DD1E98020F00C92195 /* ViewState.swift */,
			);
			name = State;
			sourceTree = "<group>";
		};
		685CB4C61E97C0B400C92195 /* Bindings */ = {
			isa = PBXGroup;
			children = (
				9841224F1E9BD43F00705FC3 /* Xcode.keystroke */,
				685CB4C91E97C4DE00C92195 /* iTerm2.keystroke */,
			);
			name = Bindings;
			sourceTree = "<group>";
		};
		685CB4CB1E97F2BD00C92195 /* Utils */ = {
			isa = PBXGroup;
			children = (
				685CB4CC1E97F2E400C92195 /* Utils.swift */,
				685CB4E11E981EF200C92195 /* AppConfigManager.swift */,
				6822E6AB1E99520400C38260 /* KeyCode.swift */,
			);
			name = Utils;
			sourceTree = "<group>";
		};
		68B067F11E96EE7A00C186F5 = {
			isa = PBXGroup;
			children = (
				68B067FC1E96EE7A00C186F5 /* Keystroke */,
				68B0680E1E96EE7A00C186F5 /* KeystrokeTests */,
				68B068191E96EE7A00C186F5 /* KeystrokeUITests */,
				68B067FB1E96EE7A00C186F5 /* Products */,
				68B068361E97160400C186F5 /* Podfile */,
				19A8CA6264481F39C176CF4D /* Pods */,
				7CC3453F69B8EDB2EE02965E /* Frameworks */,
			);
			sourceTree = "<group>";
		};
		68B067FB1E96EE7A00C186F5 /* Products */ = {
			isa = PBXGroup;
			children = (
				68B067FA1E96EE7A00C186F5 /* Keystroke.app */,
				68B0680B1E96EE7A00C186F5 /* KeystrokeTests.xctest */,
				68B068161E96EE7A00C186F5 /* KeystrokeUITests.xctest */,
			);
			name = Products;
			sourceTree = "<group>";
		};
		68B067FC1E96EE7A00C186F5 /* Keystroke */ = {
			isa = PBXGroup;
			children = (
				685CB4CB1E97F2BD00C92195 /* Utils */,
				685CB4BF1E97A04F00C92195 /* State */,
				685CB4BE1E97A04700C92195 /* Reducers */,
				685CB4BD1E97A03C00C92195 /* Actions */,
				68B0682B1E96EED700C186F5 /* Resources */,
				68B0682A1E96EECE00C186F5 /* Models */,
				68B068291E96EEC800C186F5 /* Views */,
				68B068281E96EE9300C186F5 /* Controllers */,
				68B068011E96EE7A00C186F5 /* Assets.xcassets */,
				68B068061E96EE7A00C186F5 /* Info.plist */,
			);
			path = Keystroke;
			sourceTree = "<group>";
		};
		68B0680E1E96EE7A00C186F5 /* KeystrokeTests */ = {
			isa = PBXGroup;
			children = (
				68B0680F1E96EE7A00C186F5 /* KeystrokeTests.swift */,
				68B068111E96EE7A00C186F5 /* Info.plist */,
			);
			path = KeystrokeTests;
			sourceTree = "<group>";
		};
		68B068191E96EE7A00C186F5 /* KeystrokeUITests */ = {
			isa = PBXGroup;
			children = (
				68B0681A1E96EE7A00C186F5 /* KeystrokeUITests.swift */,
				68B0681C1E96EE7A00C186F5 /* Info.plist */,
			);
			path = KeystrokeUITests;
			sourceTree = "<group>";
		};
		68B068281E96EE9300C186F5 /* Controllers */ = {
			isa = PBXGroup;
			children = (
				68B0682C1E96EF7200C186F5 /* WindowController.swift */,
				68B0682E1E96F41B00C186F5 /* CollectionViewItem.swift */,
				68B0682F1E96F41B00C186F5 /* CollectionViewItem.xib */,
				68B067FD1E96EE7A00C186F5 /* AppDelegate.swift */,
				68B067FF1E96EE7A00C186F5 /* ViewController.swift */,
			);
			name = Controllers;
			sourceTree = "<group>";
		};
		68B068291E96EEC800C186F5 /* Views */ = {
			isa = PBXGroup;
			children = (
				687C595E1E9BF13D00E491BF /* KeyView.swift */,
				6885D4B11E99381E00681A4B /* VisualEffectView.swift */,
				685289361E9A9BAE00641994 /* KeyboardLayout.swift */,
			);
			name = Views;
			sourceTree = "<group>";
		};
		68B0682A1E96EECE00C186F5 /* Models */ = {
			isa = PBXGroup;
			children = (
				68B068321E96F6F700C186F5 /* BindingLoader.swift */,
				68B068341E96F8BC00C186F5 /* Binding.swift */,
			);
			name = Models;
			sourceTree = "<group>";
		};
		68B0682B1E96EED700C186F5 /* Resources */ = {
			isa = PBXGroup;
			children = (
				685CB4C61E97C0B400C92195 /* Bindings */,
				68B068031E96EE7A00C186F5 /* Main.storyboard */,
			);
			name = Resources;
			sourceTree = "<group>";
		};
		7CC3453F69B8EDB2EE02965E /* Frameworks */ = {
			isa = PBXGroup;
			children = (
				DBBBCA4FF38376FF21463B87 /* Pods_Keystroke.framework */,
				A77D4E848E1D7CAE1F7AA666 /* Pods_KeystrokeTests.framework */,
				5D486EDF65295482F2913AC7 /* Pods_KeystrokeUITests.framework */,
			);
			name = Frameworks;
			sourceTree = "<group>";
		};
/* End PBXGroup section */

/* Begin PBXNativeTarget section */
		68B067F91E96EE7A00C186F5 /* Keystroke */ = {
			isa = PBXNativeTarget;
			buildConfigurationList = 68B0681F1E96EE7A00C186F5 /* Build configuration list for PBXNativeTarget "Keystroke" */;
			buildPhases = (
				AC8CA29FE50B0D5DD1A2E958 /* [CP] Check Pods Manifest.lock */,
				68B067F61E96EE7A00C186F5 /* Sources */,
				68B067F71E96EE7A00C186F5 /* Frameworks */,
				68B067F81E96EE7A00C186F5 /* Resources */,
				1F1A6DA10020C167F8496422 /* [CP] Embed Pods Frameworks */,
				2EAE0F5EF8859BFD8B1299C2 /* [CP] Copy Pods Resources */,
			);
			buildRules = (
			);
			dependencies = (
			);
			name = Keystroke;
			productName = Keystroke;
			productReference = 68B067FA1E96EE7A00C186F5 /* Keystroke.app */;
			productType = "com.apple.product-type.application";
		};
		68B0680A1E96EE7A00C186F5 /* KeystrokeTests */ = {
			isa = PBXNativeTarget;
			buildConfigurationList = 68B068221E96EE7A00C186F5 /* Build configuration list for PBXNativeTarget "KeystrokeTests" */;
			buildPhases = (
				7DFBB2055E60F02FC23D0BF9 /* [CP] Check Pods Manifest.lock */,
				68B068071E96EE7A00C186F5 /* Sources */,
				68B068081E96EE7A00C186F5 /* Frameworks */,
				68B068091E96EE7A00C186F5 /* Resources */,
				D7B35BECB2177B41B6C8AB46 /* [CP] Embed Pods Frameworks */,
				891A673106EF6C165EAF21D9 /* [CP] Copy Pods Resources */,
			);
			buildRules = (
			);
			dependencies = (
				68B0680D1E96EE7A00C186F5 /* PBXTargetDependency */,
			);
			name = KeystrokeTests;
			productName = KeystrokeTests;
			productReference = 68B0680B1E96EE7A00C186F5 /* KeystrokeTests.xctest */;
			productType = "com.apple.product-type.bundle.unit-test";
		};
		68B068151E96EE7A00C186F5 /* KeystrokeUITests */ = {
			isa = PBXNativeTarget;
			buildConfigurationList = 68B068251E96EE7A00C186F5 /* Build configuration list for PBXNativeTarget "KeystrokeUITests" */;
			buildPhases = (
				2F2A6580C0B27D727C0E5D14 /* [CP] Check Pods Manifest.lock */,
				68B068121E96EE7A00C186F5 /* Sources */,
				68B068131E96EE7A00C186F5 /* Frameworks */,
				68B068141E96EE7A00C186F5 /* Resources */,
				E0A2BC883447C229823C487D /* [CP] Embed Pods Frameworks */,
				BAF381675EC42DF174841B4E /* [CP] Copy Pods Resources */,
			);
			buildRules = (
			);
			dependencies = (
				68B068181E96EE7A00C186F5 /* PBXTargetDependency */,
			);
			name = KeystrokeUITests;
			productName = KeystrokeUITests;
			productReference = 68B068161E96EE7A00C186F5 /* KeystrokeUITests.xctest */;
			productType = "com.apple.product-type.bundle.ui-testing";
		};
/* End PBXNativeTarget section */

/* Begin PBXProject section */
		68B067F21E96EE7A00C186F5 /* Project object */ = {
			isa = PBXProject;
			attributes = {
				LastSwiftUpdateCheck = 0830;
				LastUpgradeCheck = 0830;
				ORGANIZATIONNAME = Sabaka;
				TargetAttributes = {
					68B067F91E96EE7A00C186F5 = {
						CreatedOnToolsVersion = 8.3;
						DevelopmentTeam = V24EJYVY5Y;
						ProvisioningStyle = Automatic;
					};
					68B0680A1E96EE7A00C186F5 = {
						CreatedOnToolsVersion = 8.3;
						DevelopmentTeam = V24EJYVY5Y;
						ProvisioningStyle = Automatic;
						TestTargetID = 68B067F91E96EE7A00C186F5;
					};
					68B068151E96EE7A00C186F5 = {
						CreatedOnToolsVersion = 8.3;
						DevelopmentTeam = V24EJYVY5Y;
						ProvisioningStyle = Automatic;
						TestTargetID = 68B067F91E96EE7A00C186F5;
					};
				};
			};
			buildConfigurationList = 68B067F51E96EE7A00C186F5 /* Build configuration list for PBXProject "Keystroke" */;
			compatibilityVersion = "Xcode 3.2";
			developmentRegion = English;
			hasScannedForEncodings = 0;
			knownRegions = (
				en,
				Base,
			);
			mainGroup = 68B067F11E96EE7A00C186F5;
			productRefGroup = 68B067FB1E96EE7A00C186F5 /* Products */;
			projectDirPath = "";
			projectRoot = "";
			targets = (
				68B067F91E96EE7A00C186F5 /* Keystroke */,
				68B0680A1E96EE7A00C186F5 /* KeystrokeTests */,
				68B068151E96EE7A00C186F5 /* KeystrokeUITests */,
			);
		};
/* End PBXProject section */

/* Begin PBXResourcesBuildPhase section */
		68B067F81E96EE7A00C186F5 /* Resources */ = {
			isa = PBXResourcesBuildPhase;
			buildActionMask = 2147483647;
			files = (
				685CB4CA1E97C4DE00C92195 /* iTerm2.keystroke in Resources */,
				68B068021E96EE7A00C186F5 /* Assets.xcassets in Resources */,
				68B068051E96EE7A00C186F5 /* Main.storyboard in Resources */,
				68B068371E97160400C186F5 /* Podfile in Resources */,
				68B068311E96F41B00C186F5 /* CollectionViewItem.xib in Resources */,
				984122501E9BD43F00705FC3 /* Xcode.keystroke in Resources */,
			);
			runOnlyForDeploymentPostprocessing = 0;
		};
		68B068091E96EE7A00C186F5 /* Resources */ = {
			isa = PBXResourcesBuildPhase;
			buildActionMask = 2147483647;
			files = (
			);
			runOnlyForDeploymentPostprocessing = 0;
		};
		68B068141E96EE7A00C186F5 /* Resources */ = {
			isa = PBXResourcesBuildPhase;
			buildActionMask = 2147483647;
			files = (
			);
			runOnlyForDeploymentPostprocessing = 0;
		};
/* End PBXResourcesBuildPhase section */

/* Begin PBXShellScriptBuildPhase section */
		1F1A6DA10020C167F8496422 /* [CP] Embed Pods Frameworks */ = {
			isa = PBXShellScriptBuildPhase;
			buildActionMask = 2147483647;
			files = (
			);
			inputPaths = (
			);
			name = "[CP] Embed Pods Frameworks";
			outputPaths = (
			);
			runOnlyForDeploymentPostprocessing = 0;
			shellPath = /bin/sh;
			shellScript = "\"${SRCROOT}/Pods/Target Support Files/Pods-Keystroke/Pods-Keystroke-frameworks.sh\"\n";
			showEnvVarsInLog = 0;
		};
		2EAE0F5EF8859BFD8B1299C2 /* [CP] Copy Pods Resources */ = {
			isa = PBXShellScriptBuildPhase;
			buildActionMask = 2147483647;
			files = (
			);
			inputPaths = (
			);
			name = "[CP] Copy Pods Resources";
			outputPaths = (
			);
			runOnlyForDeploymentPostprocessing = 0;
			shellPath = /bin/sh;
			shellScript = "\"${SRCROOT}/Pods/Target Support Files/Pods-Keystroke/Pods-Keystroke-resources.sh\"\n";
			showEnvVarsInLog = 0;
		};
		2F2A6580C0B27D727C0E5D14 /* [CP] Check Pods Manifest.lock */ = {
			isa = PBXShellScriptBuildPhase;
			buildActionMask = 2147483647;
			files = (
			);
			inputPaths = (
			);
			name = "[CP] Check Pods Manifest.lock";
			outputPaths = (
			);
			runOnlyForDeploymentPostprocessing = 0;
			shellPath = /bin/sh;
			shellScript = "diff \"${PODS_ROOT}/../Podfile.lock\" \"${PODS_ROOT}/Manifest.lock\" > /dev/null\nif [ $? != 0 ] ; then\n    # print error to STDERR\n    echo \"error: The sandbox is not in sync with the Podfile.lock. Run 'pod install' or update your CocoaPods installation.\" >&2\n    exit 1\nfi\n";
			showEnvVarsInLog = 0;
		};
		7DFBB2055E60F02FC23D0BF9 /* [CP] Check Pods Manifest.lock */ = {
			isa = PBXShellScriptBuildPhase;
			buildActionMask = 2147483647;
			files = (
			);
			inputPaths = (
			);
			name = "[CP] Check Pods Manifest.lock";
			outputPaths = (
			);
			runOnlyForDeploymentPostprocessing = 0;
			shellPath = /bin/sh;
			shellScript = "diff \"${PODS_ROOT}/../Podfile.lock\" \"${PODS_ROOT}/Manifest.lock\" > /dev/null\nif [ $? != 0 ] ; then\n    # print error to STDERR\n    echo \"error: The sandbox is not in sync with the Podfile.lock. Run 'pod install' or update your CocoaPods installation.\" >&2\n    exit 1\nfi\n";
			showEnvVarsInLog = 0;
		};
		891A673106EF6C165EAF21D9 /* [CP] Copy Pods Resources */ = {
			isa = PBXShellScriptBuildPhase;
			buildActionMask = 2147483647;
			files = (
			);
			inputPaths = (
			);
			name = "[CP] Copy Pods Resources";
			outputPaths = (
			);
			runOnlyForDeploymentPostprocessing = 0;
			shellPath = /bin/sh;
			shellScript = "\"${SRCROOT}/Pods/Target Support Files/Pods-KeystrokeTests/Pods-KeystrokeTests-resources.sh\"\n";
			showEnvVarsInLog = 0;
		};
		AC8CA29FE50B0D5DD1A2E958 /* [CP] Check Pods Manifest.lock */ = {
			isa = PBXShellScriptBuildPhase;
			buildActionMask = 2147483647;
			files = (
			);
			inputPaths = (
			);
			name = "[CP] Check Pods Manifest.lock";
			outputPaths = (
			);
			runOnlyForDeploymentPostprocessing = 0;
			shellPath = /bin/sh;
			shellScript = "diff \"${PODS_ROOT}/../Podfile.lock\" \"${PODS_ROOT}/Manifest.lock\" > /dev/null\nif [ $? != 0 ] ; then\n    # print error to STDERR\n    echo \"error: The sandbox is not in sync with the Podfile.lock. Run 'pod install' or update your CocoaPods installation.\" >&2\n    exit 1\nfi\n";
			showEnvVarsInLog = 0;
		};
		BAF381675EC42DF174841B4E /* [CP] Copy Pods Resources */ = {
			isa = PBXShellScriptBuildPhase;
			buildActionMask = 2147483647;
			files = (
			);
			inputPaths = (
			);
			name = "[CP] Copy Pods Resources";
			outputPaths = (
			);
			runOnlyForDeploymentPostprocessing = 0;
			shellPath = /bin/sh;
			shellScript = "\"${SRCROOT}/Pods/Target Support Files/Pods-KeystrokeUITests/Pods-KeystrokeUITests-resources.sh\"\n";
			showEnvVarsInLog = 0;
		};
		D7B35BECB2177B41B6C8AB46 /* [CP] Embed Pods Frameworks */ = {
			isa = PBXShellScriptBuildPhase;
			buildActionMask = 2147483647;
			files = (
			);
			inputPaths = (
			);
			name = "[CP] Embed Pods Frameworks";
			outputPaths = (
			);
			runOnlyForDeploymentPostprocessing = 0;
			shellPath = /bin/sh;
			shellScript = "\"${SRCROOT}/Pods/Target Support Files/Pods-KeystrokeTests/Pods-KeystrokeTests-frameworks.sh\"\n";
			showEnvVarsInLog = 0;
		};
		E0A2BC883447C229823C487D /* [CP] Embed Pods Frameworks */ = {
			isa = PBXShellScriptBuildPhase;
			buildActionMask = 2147483647;
			files = (
			);
			inputPaths = (
			);
			name = "[CP] Embed Pods Frameworks";
			outputPaths = (
			);
			runOnlyForDeploymentPostprocessing = 0;
			shellPath = /bin/sh;
			shellScript = "\"${SRCROOT}/Pods/Target Support Files/Pods-KeystrokeUITests/Pods-KeystrokeUITests-frameworks.sh\"\n";
			showEnvVarsInLog = 0;
		};
/* End PBXShellScriptBuildPhase section */

/* Begin PBXSourcesBuildPhase section */
		68B067F61E96EE7A00C186F5 /* Sources */ = {
			isa = PBXSourcesBuildPhase;
			buildActionMask = 2147483647;
			files = (
				68B068001E96EE7A00C186F5 /* ViewController.swift in Sources */,
				685CB4CF1E97F44B00C92195 /* AppReducer.swift in Sources */,
				685289371E9A9BAE00641994 /* KeyboardLayout.swift in Sources */,
				685CB4C31E97A12C00C92195 /* Actions.swift in Sources */,
				687C595F1E9BF13D00E491BF /* KeyView.swift in Sources */,
				685CB4D11E97F49400C92195 /* ThemeState.swift in Sources */,
				6822E6AC1E99520400C38260 /* KeyCode.swift in Sources */,
				987C99AC1E980BC100A2D8E0 /* BindingsReducer.swift in Sources */,
				68B068351E96F8BC00C186F5 /* Binding.swift in Sources */,
				685CB4C51E97A15E00C92195 /* ThemeReducer.swift in Sources */,
				9841224A1E9AAA7900705FC3 /* KeyboardReducer.swift in Sources */,
				987C99AA1E98008E00A2D8E0 /* BindingsState.swift in Sources */,
				685CB4C11E97A06F00C92195 /* AppState.swift in Sources */,
				685CB4CD1E97F2E400C92195 /* Utils.swift in Sources */,
				685CB4E21E981EF200C92195 /* AppConfigManager.swift in Sources */,
				68B068331E96F6F700C186F5 /* BindingLoader.swift in Sources */,
				984122481E9AA98D00705FC3 /* KeyboardState.swift in Sources */,
				68B068301E96F41B00C186F5 /* CollectionViewItem.swift in Sources */,
				685CB4DE1E98020F00C92195 /* ViewState.swift in Sources */,
				685CB4E01E9802BB00C92195 /* ViewReducer.swift in Sources */,
				6885D4B21E99381E00681A4B /* VisualEffectView.swift in Sources */,
				68B0682D1E96EF7200C186F5 /* WindowController.swift in Sources */,
				68B067FE1E96EE7A00C186F5 /* AppDelegate.swift in Sources */,
			);
			runOnlyForDeploymentPostprocessing = 0;
		};
		68B068071E96EE7A00C186F5 /* Sources */ = {
			isa = PBXSourcesBuildPhase;
			buildActionMask = 2147483647;
			files = (
				68B068101E96EE7A00C186F5 /* KeystrokeTests.swift in Sources */,
			);
			runOnlyForDeploymentPostprocessing = 0;
		};
		68B068121E96EE7A00C186F5 /* Sources */ = {
			isa = PBXSourcesBuildPhase;
			buildActionMask = 2147483647;
			files = (
				68B0681B1E96EE7A00C186F5 /* KeystrokeUITests.swift in Sources */,
			);
			runOnlyForDeploymentPostprocessing = 0;
		};
/* End PBXSourcesBuildPhase section */

/* Begin PBXTargetDependency section */
		68B0680D1E96EE7A00C186F5 /* PBXTargetDependency */ = {
			isa = PBXTargetDependency;
			target = 68B067F91E96EE7A00C186F5 /* Keystroke */;
			targetProxy = 68B0680C1E96EE7A00C186F5 /* PBXContainerItemProxy */;
		};
		68B068181E96EE7A00C186F5 /* PBXTargetDependency */ = {
			isa = PBXTargetDependency;
			target = 68B067F91E96EE7A00C186F5 /* Keystroke */;
			targetProxy = 68B068171E96EE7A00C186F5 /* PBXContainerItemProxy */;
		};
/* End PBXTargetDependency section */

/* Begin PBXVariantGroup section */
		68B068031E96EE7A00C186F5 /* Main.storyboard */ = {
			isa = PBXVariantGroup;
			children = (
				68B068041E96EE7A00C186F5 /* Base */,
			);
			name = Main.storyboard;
			sourceTree = "<group>";
		};
/* End PBXVariantGroup section */

/* Begin XCBuildConfiguration section */
		68B0681D1E96EE7A00C186F5 /* Debug */ = {
			isa = XCBuildConfiguration;
			buildSettings = {
				ALWAYS_SEARCH_USER_PATHS = NO;
				CLANG_ANALYZER_NONNULL = YES;
				CLANG_ANALYZER_NUMBER_OBJECT_CONVERSION = YES_AGGRESSIVE;
				CLANG_CXX_LANGUAGE_STANDARD = "gnu++0x";
				CLANG_CXX_LIBRARY = "libc++";
				CLANG_ENABLE_MODULES = YES;
				CLANG_ENABLE_OBJC_ARC = YES;
				CLANG_WARN_BOOL_CONVERSION = YES;
				CLANG_WARN_CONSTANT_CONVERSION = YES;
				CLANG_WARN_DIRECT_OBJC_ISA_USAGE = YES_ERROR;
				CLANG_WARN_DOCUMENTATION_COMMENTS = YES;
				CLANG_WARN_EMPTY_BODY = YES;
				CLANG_WARN_ENUM_CONVERSION = YES;
				CLANG_WARN_INFINITE_RECURSION = YES;
				CLANG_WARN_INT_CONVERSION = YES;
				CLANG_WARN_OBJC_ROOT_CLASS = YES_ERROR;
				CLANG_WARN_SUSPICIOUS_MOVE = YES;
				CLANG_WARN_UNREACHABLE_CODE = YES;
				CLANG_WARN__DUPLICATE_METHOD_MATCH = YES;
				CODE_SIGN_IDENTITY = "-";
				COPY_PHASE_STRIP = NO;
				DEBUG_INFORMATION_FORMAT = dwarf;
				ENABLE_STRICT_OBJC_MSGSEND = YES;
				ENABLE_TESTABILITY = YES;
				GCC_C_LANGUAGE_STANDARD = gnu99;
				GCC_DYNAMIC_NO_PIC = NO;
				GCC_NO_COMMON_BLOCKS = YES;
				GCC_OPTIMIZATION_LEVEL = 0;
				GCC_PREPROCESSOR_DEFINITIONS = (
					"DEBUG=1",
					"$(inherited)",
				);
				GCC_WARN_64_TO_32_BIT_CONVERSION = YES;
				GCC_WARN_ABOUT_RETURN_TYPE = YES_ERROR;
				GCC_WARN_UNDECLARED_SELECTOR = YES;
				GCC_WARN_UNINITIALIZED_AUTOS = YES_AGGRESSIVE;
				GCC_WARN_UNUSED_FUNCTION = YES;
				GCC_WARN_UNUSED_VARIABLE = YES;
				MACOSX_DEPLOYMENT_TARGET = 10.12;
				MTL_ENABLE_DEBUG_INFO = YES;
				ONLY_ACTIVE_ARCH = YES;
				SDKROOT = macosx;
				SWIFT_ACTIVE_COMPILATION_CONDITIONS = DEBUG;
				SWIFT_OPTIMIZATION_LEVEL = "-Onone";
			};
			name = Debug;
		};
		68B0681E1E96EE7A00C186F5 /* Release */ = {
			isa = XCBuildConfiguration;
			buildSettings = {
				ALWAYS_SEARCH_USER_PATHS = NO;
				CLANG_ANALYZER_NONNULL = YES;
				CLANG_ANALYZER_NUMBER_OBJECT_CONVERSION = YES_AGGRESSIVE;
				CLANG_CXX_LANGUAGE_STANDARD = "gnu++0x";
				CLANG_CXX_LIBRARY = "libc++";
				CLANG_ENABLE_MODULES = YES;
				CLANG_ENABLE_OBJC_ARC = YES;
				CLANG_WARN_BOOL_CONVERSION = YES;
				CLANG_WARN_CONSTANT_CONVERSION = YES;
				CLANG_WARN_DIRECT_OBJC_ISA_USAGE = YES_ERROR;
				CLANG_WARN_DOCUMENTATION_COMMENTS = YES;
				CLANG_WARN_EMPTY_BODY = YES;
				CLANG_WARN_ENUM_CONVERSION = YES;
				CLANG_WARN_INFINITE_RECURSION = YES;
				CLANG_WARN_INT_CONVERSION = YES;
				CLANG_WARN_OBJC_ROOT_CLASS = YES_ERROR;
				CLANG_WARN_SUSPICIOUS_MOVE = YES;
				CLANG_WARN_UNREACHABLE_CODE = YES;
				CLANG_WARN__DUPLICATE_METHOD_MATCH = YES;
				CODE_SIGN_IDENTITY = "-";
				COPY_PHASE_STRIP = NO;
				DEBUG_INFORMATION_FORMAT = "dwarf-with-dsym";
				ENABLE_NS_ASSERTIONS = NO;
				ENABLE_STRICT_OBJC_MSGSEND = YES;
				GCC_C_LANGUAGE_STANDARD = gnu99;
				GCC_NO_COMMON_BLOCKS = YES;
				GCC_WARN_64_TO_32_BIT_CONVERSION = YES;
				GCC_WARN_ABOUT_RETURN_TYPE = YES_ERROR;
				GCC_WARN_UNDECLARED_SELECTOR = YES;
				GCC_WARN_UNINITIALIZED_AUTOS = YES_AGGRESSIVE;
				GCC_WARN_UNUSED_FUNCTION = YES;
				GCC_WARN_UNUSED_VARIABLE = YES;
				MACOSX_DEPLOYMENT_TARGET = 10.12;
				MTL_ENABLE_DEBUG_INFO = NO;
				SDKROOT = macosx;
				SWIFT_OPTIMIZATION_LEVEL = "-Owholemodule";
			};
			name = Release;
		};
		68B068201E96EE7A00C186F5 /* Debug */ = {
			isa = XCBuildConfiguration;
			baseConfigurationReference = 0AD18EFB16EBF3520A6E917F /* Pods-Keystroke.debug.xcconfig */;
			buildSettings = {
				ASSETCATALOG_COMPILER_APPICON_NAME = AppIcon;
				COMBINE_HIDPI_IMAGES = YES;
				DEVELOPMENT_TEAM = V24EJYVY5Y;
				INFOPLIST_FILE = Keystroke/Info.plist;
				LD_RUNPATH_SEARCH_PATHS = "$(inherited) @executable_path/../Frameworks";
				PRODUCT_BUNDLE_IDENTIFIER = io.sabaka.Keystroke;
				PRODUCT_NAME = "$(TARGET_NAME)";
				SWIFT_VERSION = 3.0;
			};
			name = Debug;
		};
		68B068211E96EE7A00C186F5 /* Release */ = {
			isa = XCBuildConfiguration;
			baseConfigurationReference = 68368F5436C8A0E2C208CD52 /* Pods-Keystroke.release.xcconfig */;
			buildSettings = {
				ASSETCATALOG_COMPILER_APPICON_NAME = AppIcon;
				COMBINE_HIDPI_IMAGES = YES;
				DEVELOPMENT_TEAM = V24EJYVY5Y;
				INFOPLIST_FILE = Keystroke/Info.plist;
				LD_RUNPATH_SEARCH_PATHS = "$(inherited) @executable_path/../Frameworks";
				PRODUCT_BUNDLE_IDENTIFIER = io.sabaka.Keystroke;
				PRODUCT_NAME = "$(TARGET_NAME)";
				SWIFT_VERSION = 3.0;
			};
			name = Release;
		};
		68B068231E96EE7A00C186F5 /* Debug */ = {
			isa = XCBuildConfiguration;
			baseConfigurationReference = 0C4DFAC6DAC7A4C85C00A1C1 /* Pods-KeystrokeTests.debug.xcconfig */;
			buildSettings = {
				ALWAYS_EMBED_SWIFT_STANDARD_LIBRARIES = YES;
				BUNDLE_LOADER = "$(TEST_HOST)";
				COMBINE_HIDPI_IMAGES = YES;
				DEVELOPMENT_TEAM = V24EJYVY5Y;
				INFOPLIST_FILE = KeystrokeTests/Info.plist;
				LD_RUNPATH_SEARCH_PATHS = "$(inherited) @executable_path/../Frameworks @loader_path/../Frameworks";
				PRODUCT_BUNDLE_IDENTIFIER = io.sabaka.KeystrokeTests;
				PRODUCT_NAME = "$(TARGET_NAME)";
				SWIFT_VERSION = 3.0;
				TEST_HOST = "$(BUILT_PRODUCTS_DIR)/Keystroke.app/Contents/MacOS/Keystroke";
			};
			name = Debug;
		};
		68B068241E96EE7A00C186F5 /* Release */ = {
			isa = XCBuildConfiguration;
			baseConfigurationReference = E314E7A86CCA2B50D83C5C59 /* Pods-KeystrokeTests.release.xcconfig */;
			buildSettings = {
				ALWAYS_EMBED_SWIFT_STANDARD_LIBRARIES = YES;
				BUNDLE_LOADER = "$(TEST_HOST)";
				COMBINE_HIDPI_IMAGES = YES;
				DEVELOPMENT_TEAM = V24EJYVY5Y;
				INFOPLIST_FILE = KeystrokeTests/Info.plist;
				LD_RUNPATH_SEARCH_PATHS = "$(inherited) @executable_path/../Frameworks @loader_path/../Frameworks";
				PRODUCT_BUNDLE_IDENTIFIER = io.sabaka.KeystrokeTests;
				PRODUCT_NAME = "$(TARGET_NAME)";
				SWIFT_VERSION = 3.0;
				TEST_HOST = "$(BUILT_PRODUCTS_DIR)/Keystroke.app/Contents/MacOS/Keystroke";
			};
			name = Release;
		};
		68B068261E96EE7A00C186F5 /* Debug */ = {
			isa = XCBuildConfiguration;
			baseConfigurationReference = C1719170A2BFFEE1F32B4EEF /* Pods-KeystrokeUITests.debug.xcconfig */;
			buildSettings = {
				ALWAYS_EMBED_SWIFT_STANDARD_LIBRARIES = YES;
				COMBINE_HIDPI_IMAGES = YES;
				DEVELOPMENT_TEAM = V24EJYVY5Y;
				INFOPLIST_FILE = KeystrokeUITests/Info.plist;
				LD_RUNPATH_SEARCH_PATHS = "$(inherited) @executable_path/../Frameworks @loader_path/../Frameworks";
				PRODUCT_BUNDLE_IDENTIFIER = io.sabaka.KeystrokeUITests;
				PRODUCT_NAME = "$(TARGET_NAME)";
				SWIFT_VERSION = 3.0;
				TEST_TARGET_NAME = Keystroke;
			};
			name = Debug;
		};
		68B068271E96EE7A00C186F5 /* Release */ = {
			isa = XCBuildConfiguration;
			baseConfigurationReference = F42288E93833A360E6E402BD /* Pods-KeystrokeUITests.release.xcconfig */;
			buildSettings = {
				ALWAYS_EMBED_SWIFT_STANDARD_LIBRARIES = YES;
				COMBINE_HIDPI_IMAGES = YES;
				DEVELOPMENT_TEAM = V24EJYVY5Y;
				INFOPLIST_FILE = KeystrokeUITests/Info.plist;
				LD_RUNPATH_SEARCH_PATHS = "$(inherited) @executable_path/../Frameworks @loader_path/../Frameworks";
				PRODUCT_BUNDLE_IDENTIFIER = io.sabaka.KeystrokeUITests;
				PRODUCT_NAME = "$(TARGET_NAME)";
				SWIFT_VERSION = 3.0;
				TEST_TARGET_NAME = Keystroke;
			};
			name = Release;
		};
/* End XCBuildConfiguration section */

/* Begin XCConfigurationList section */
		68B067F51E96EE7A00C186F5 /* Build configuration list for PBXProject "Keystroke" */ = {
			isa = XCConfigurationList;
			buildConfigurations = (
				68B0681D1E96EE7A00C186F5 /* Debug */,
				68B0681E1E96EE7A00C186F5 /* Release */,
			);
			defaultConfigurationIsVisible = 0;
			defaultConfigurationName = Release;
		};
		68B0681F1E96EE7A00C186F5 /* Build configuration list for PBXNativeTarget "Keystroke" */ = {
			isa = XCConfigurationList;
			buildConfigurations = (
				68B068201E96EE7A00C186F5 /* Debug */,
				68B068211E96EE7A00C186F5 /* Release */,
			);
			defaultConfigurationIsVisible = 0;
			defaultConfigurationName = Release;
		};
		68B068221E96EE7A00C186F5 /* Build configuration list for PBXNativeTarget "KeystrokeTests" */ = {
			isa = XCConfigurationList;
			buildConfigurations = (
				68B068231E96EE7A00C186F5 /* Debug */,
				68B068241E96EE7A00C186F5 /* Release */,
			);
			defaultConfigurationIsVisible = 0;
			defaultConfigurationName = Release;
		};
		68B068251E96EE7A00C186F5 /* Build configuration list for PBXNativeTarget "KeystrokeUITests" */ = {
			isa = XCConfigurationList;
			buildConfigurations = (
				68B068261E96EE7A00C186F5 /* Debug */,
				68B068271E96EE7A00C186F5 /* Release */,
			);
			defaultConfigurationIsVisible = 0;
			defaultConfigurationName = Release;
		};
/* End XCConfigurationList section */
	};
	rootObject = 68B067F21E96EE7A00C186F5 /* Project object */;
}
